{
  "originHash" : "6e5a718b67ddc0bc0ade006598998865814ca1914584d2cde097a501d2b20cd6",
  "pins" : [
    {
      "identity" : "aexml",
      "kind" : "remoteSourceControl",
      "location" : "https://github.com/wildthink/AEXML",
      "state" : {
        "branch" : "main",
        "revision" : "56d7883be85b5424fbc55a5c9bf85f5584e9f0b1"
      }
    },
    {
      "identity" : "swift-cmark",
      "kind" : "remoteSourceControl",
      "location" : "https://github.com/swiftlang/swift-cmark.git",
      "state" : {
        "branch" : "gfm",
        "revision" : "b022b08312decdc46585e0b3440d97f6f22ef703"
      }
    },
    {
      "identity" : "swift-markdown",
      "kind" : "remoteSourceControl",
      "location" : "https://github.com/swiftlang/swift-markdown.git",
      "state" : {
        "branch" : "main",
        "revision" : "e62a44fd1f2764ba8807db3b6f257627449bbb8c"
      }
    }
  ],
  "version" : 3
}
